
Microsoft Visual Studio Solution File, Format Version 12.00
# Visual Studio Version 17
VisualStudioVersion = 17.13.35931.197 d17.13
MinimumVisualStudioVersion = 10.0.40219.1
Project("{D2ABAB84-BF74-430A-B69E-9DC6D40DDA17}") = "DWBI_Assignment2_SSAS", "DWBI_Assignment2_SSAS\DWBI_Assignment2_SSAS.dwproj", "{9308BEEC-7795-0336-E78B-4B8C6F182C9C}"
EndProject
Global
	GlobalSection(SolutionConfigurationPlatforms) = preSolution
		Development|Default = Development|Default
	EndGlobalSection
	GlobalSection(ProjectConfigurationPlatforms) = postSolution
		{9308BEEC-7795-0336-E78B-4B8C6F182C9C}.Development|Default.ActiveCfg = Development
		{9308BEEC-7795-0336-E78B-4B8C6F182C9C}.Development|Default.Build.0 = Development
		{9308BEEC-7795-0336-E78B-4B8C6F182C9C}.Development|Default.Deploy.0 = Development
	EndGlobalSection
	GlobalSection(SolutionProperties) = preSolution
		HideSolutionNode = FALSE
	EndGlobalSection
	GlobalSection(ExtensibilityGlobals) = postSolution
		SolutionGuid = {B2E634C2-38B9-490F-BA29-07CB96681DA3}
	EndGlobalSection
EndGlobal
