
Microsoft Visual Studio Solution File, Format Version 12.00
# Visual Studio Version 17
VisualStudioVersion = 17.13.35931.197 d17.13
MinimumVisualStudioVersion = 10.0.40219.1
Project("{D2ABAB84-BF74-430A-B69E-9DC6D40DDA17}") = "SSAS_DWBI_Assignment2", "SSAS_DWBI_Assignment2\SSAS_DWBI_Assignment2.dwproj", "{9C689AE3-0BE1-4042-422C-60728DB052DA}"
EndProject
Global
	GlobalSection(SolutionConfigurationPlatforms) = preSolution
		Development|Default = Development|Default
	EndGlobalSection
	GlobalSection(ProjectConfigurationPlatforms) = postSolution
		{9C689AE3-0BE1-4042-422C-60728DB052DA}.Development|Default.ActiveCfg = Development
		{9C689AE3-0BE1-4042-422C-60728DB052DA}.Development|Default.Build.0 = Development
		{9C689AE3-0BE1-4042-422C-60728DB052DA}.Development|Default.Deploy.0 = Development
	EndGlobalSection
	GlobalSection(SolutionProperties) = preSolution
		HideSolutionNode = FALSE
	EndGlobalSection
	GlobalSection(ExtensibilityGlobals) = postSolution
		SolutionGuid = {0339FE66-B8A4-4060-9736-11B74ED703AF}
	EndGlobalSection
EndGlobal
